
Microsoft Visual Studio Solution File, Format Version 12.00
# Visual Studio Version 16
VisualStudioVersion = 16.0.30330.147
MinimumVisualStudioVersion = 10.0.40219.1
Project("{FAE04EC0-301F-11D3-BF4B-00C04F79EFBC}") = "UnionContractWF", "UnionContractWF.csproj", "{B8B4BEB8-8A63-4701-900C-DE0ECC73CBE6}"
EndProject
Global
	GlobalSection(SolutionConfigurationPlatforms) = preSolution
		Debug|Any CPU = Debug|Any CPU
		Release|Any CPU = Release|Any CPU
	EndGlobalSection
	GlobalSection(ProjectConfigurationPlatforms) = postSolution
		{B8B4BEB8-8A63-4701-900C-DE0ECC73CBE6}.Debug|Any CPU.ActiveCfg = Debug|Any CPU
		{B8B4BEB8-8A63-4701-900C-DE0ECC73CBE6}.Debug|Any CPU.Build.0 = Debug|Any CPU
		{B8B4BEB8-8A63-4701-900C-DE0ECC73CBE6}.Release|Any CPU.ActiveCfg = Release|Any CPU
		{B8B4BEB8-8A63-4701-900C-DE0ECC73CBE6}.Release|Any CPU.Build.0 = Release|Any CPU
	EndGlobalSection
	GlobalSection(SolutionProperties) = preSolution
		HideSolutionNode = FALSE
	EndGlobalSection
	GlobalSection(ExtensibilityGlobals) = postSolution
		SolutionGuid = {A1FCDA85-0FE9-41D6-BDD2-5F83C7CA0905}
	EndGlobalSection
EndGlobal
